// !$*UTF8*$!
{
	archiveVersion = 1;
	classes = {
	};
	objectVersion = 50;
	objects = {

/* Begin PBXBuildFile section */
		1BE7AFA3980986C9A157CCD2 /* libPods-Locality.a in Frameworks */ = {isa = PBXBuildFile; fileRef = 5F1B3E5DBABAB3F93F44C75E /* libPods-Locality.a */; };
		2F308E1C27E4FA2C43F5F955 /* libPods-LocalityUITests.a in Frameworks */ = {isa = PBXBuildFile; fileRef = 7268D2AFC88C24A529B514A5 /* libPods-LocalityUITests.a */; };
		4C771D69210665CA0055A90D /* SignUpViewController.m in Sources */ = {isa = PBXBuildFile; fileRef = 4C771D68210665CA0055A90D /* SignUpViewController.m */; };
		4C771D6C210695100055A90D /* Comment.m in Sources */ = {isa = PBXBuildFile; fileRef = 4C771D6B210695100055A90D /* Comment.m */; };
		4C771D6F21069E770055A90D /* ReviewViewController.m in Sources */ = {isa = PBXBuildFile; fileRef = 4C771D6E21069E770055A90D /* ReviewViewController.m */; };
		4CA36B5420FE90340056EB44 /* Venue.m in Sources */ = {isa = PBXBuildFile; fileRef = 4CA36B5320FE90340056EB44 /* Venue.m */; };
		4CA36B5B20FE9F8A0056EB44 /* APIManager.m in Sources */ = {isa = PBXBuildFile; fileRef = 4CA36B5A20FE9F8A0056EB44 /* APIManager.m */; };
		4CA36B5D20FEB20A0056EB44 /* DetailsView.storyboard in Resources */ = {isa = PBXBuildFile; fileRef = 4CA36B5C20FEB20A0056EB44 /* DetailsView.storyboard */; };
		4CA36B6120FEB5540056EB44 /* DetailsViewController.m in Sources */ = {isa = PBXBuildFile; fileRef = 4CA36B6020FEB5540056EB44 /* DetailsViewController.m */; };
		4CA36B6320FFF2FD0056EB44 /* Login.storyboard in Resources */ = {isa = PBXBuildFile; fileRef = 4CA36B6220FFF2FD0056EB44 /* Login.storyboard */; };
		4CA36B6720FFF41D0056EB44 /* LoginViewController.m in Sources */ = {isa = PBXBuildFile; fileRef = 4CA36B6620FFF41D0056EB44 /* LoginViewController.m */; };
		4CA36B6E21010ADE0056EB44 /* ProfileViewController.m in Sources */ = {isa = PBXBuildFile; fileRef = 4CA36B6D21010ADE0056EB44 /* ProfileViewController.m */; };
		4CA36B71210112CD0056EB44 /* FavoriteCell.m in Sources */ = {isa = PBXBuildFile; fileRef = 4CA36B70210112CD0056EB44 /* FavoriteCell.m */; };
		4CA36B74210128F20056EB44 /* EditProfileViewController.m in Sources */ = {isa = PBXBuildFile; fileRef = 4CA36B73210128F20056EB44 /* EditProfileViewController.m */; };
		4CDAC17920F4424100B3E7D4 /* AppDelegate.m in Sources */ = {isa = PBXBuildFile; fileRef = 4CDAC17820F4424100B3E7D4 /* AppDelegate.m */; };
		4CDAC17C20F4424100B3E7D4 /* ViewController.m in Sources */ = {isa = PBXBuildFile; fileRef = 4CDAC17B20F4424100B3E7D4 /* ViewController.m */; };
		4CDAC17F20F4424100B3E7D4 /* Main.storyboard in Resources */ = {isa = PBXBuildFile; fileRef = 4CDAC17D20F4424100B3E7D4 /* Main.storyboard */; };
		4CDAC18120F4424100B3E7D4 /* Assets.xcassets in Resources */ = {isa = PBXBuildFile; fileRef = 4CDAC18020F4424100B3E7D4 /* Assets.xcassets */; };
		4CDAC18420F4424100B3E7D4 /* LaunchScreen.storyboard in Resources */ = {isa = PBXBuildFile; fileRef = 4CDAC18220F4424100B3E7D4 /* LaunchScreen.storyboard */; };
		4CDAC18720F4424100B3E7D4 /* main.m in Sources */ = {isa = PBXBuildFile; fileRef = 4CDAC18620F4424100B3E7D4 /* main.m */; };
		4CDAC19120F4424100B3E7D4 /* LocalityTests.m in Sources */ = {isa = PBXBuildFile; fileRef = 4CDAC19020F4424100B3E7D4 /* LocalityTests.m */; };
		4CDAC19C20F4424100B3E7D4 /* LocalityUITests.m in Sources */ = {isa = PBXBuildFile; fileRef = 4CDAC19B20F4424100B3E7D4 /* LocalityUITests.m */; };
		851C871C21014D0E007C32DD /* Favorite.m in Sources */ = {isa = PBXBuildFile; fileRef = 851C871B21014D0E007C32DD /* Favorite.m */; };
		8580000421015FA30022A126 /* User.m in Sources */ = {isa = PBXBuildFile; fileRef = 8580000321015FA30022A126 /* User.m */; };
		8597DB1620FD162500BA261A /* MapKit.framework in Frameworks */ = {isa = PBXBuildFile; fileRef = 8597DB1520FD162500BA261A /* MapKit.framework */; };
		8597DB1820FD1BB400BA261A /* CoreLocation.framework in Frameworks */ = {isa = PBXBuildFile; fileRef = 8597DB1720FD1BB400BA261A /* CoreLocation.framework */; };
		8597DB2120FE7BA200BA261A /* YMapView.storyboard in Resources */ = {isa = PBXBuildFile; fileRef = 8597DB1F20FE7BA200BA261A /* YMapView.storyboard */; };
		8597DB2220FE7BA200BA261A /* ExploreMapViewController.m in Sources */ = {isa = PBXBuildFile; fileRef = 8597DB2020FE7BA200BA261A /* ExploreMapViewController.m */; };
		859A1AA120FF121300E13EBC /* VenueAnnotation.m in Sources */ = {isa = PBXBuildFile; fileRef = 859A1AA020FF121300E13EBC /* VenueAnnotation.m */; };
		859A1AA720FF1A1800E13EBC /* VenueAnnotationView.m in Sources */ = {isa = PBXBuildFile; fileRef = 859A1AA620FF1A1800E13EBC /* VenueAnnotationView.m */; };
		93F8CAE4531E84E7DBB01E8D /* libPods-LocalityTests.a in Frameworks */ = {isa = PBXBuildFile; fileRef = 85AAA040A6699A174EA32C3D /* libPods-LocalityTests.a */; };
		A80F646920FF3BB500C105D0 /* collectionview.storyboard in Resources */ = {isa = PBXBuildFile; fileRef = A80F646820FF3BB500C105D0 /* collectionview.storyboard */; };
		A80F646C20FF3BF000C105D0 /* CollectionViewController.m in Sources */ = {isa = PBXBuildFile; fileRef = A80F646B20FF3BF000C105D0 /* CollectionViewController.m */; };
		A814231320FFC60D00C976AE /* CollectionViewCell.m in Sources */ = {isa = PBXBuildFile; fileRef = A814231220FFC60D00C976AE /* CollectionViewCell.m */; };
		A858D2DF21044E7C00637FAD /* AVFoundation.framework in Frameworks */ = {isa = PBXBuildFile; fileRef = A858D2DE21044E7C00637FAD /* AVFoundation.framework */; };
/* End PBXBuildFile section */

/* Begin PBXContainerItemProxy section */
		4CDAC18D20F4424100B3E7D4 /* PBXContainerItemProxy */ = {
			isa = PBXContainerItemProxy;
			containerPortal = 4CDAC16C20F4424100B3E7D4 /* Project object */;
			proxyType = 1;
			remoteGlobalIDString = 4CDAC17320F4424100B3E7D4;
			remoteInfo = Locality;
		};
		4CDAC19820F4424100B3E7D4 /* PBXContainerItemProxy */ = {
			isa = PBXContainerItemProxy;
			containerPortal = 4CDAC16C20F4424100B3E7D4 /* Project object */;
			proxyType = 1;
			remoteGlobalIDString = 4CDAC17320F4424100B3E7D4;
			remoteInfo = Locality;
		};
/* End PBXContainerItemProxy section */

/* Begin PBXFileReference section */
		0D954F9A18A334D6109C8DA1 /* Pods-LocalityTests.debug.xcconfig */ = {isa = PBXFileReference; includeInIndex = 1; lastKnownFileType = text.xcconfig; name = "Pods-LocalityTests.debug.xcconfig"; path = "Pods/Target Support Files/Pods-LocalityTests/Pods-LocalityTests.debug.xcconfig"; sourceTree = "<group>"; };
		4C771D67210665CA0055A90D /* SignUpViewController.h */ = {isa = PBXFileReference; lastKnownFileType = sourcecode.c.h; path = SignUpViewController.h; sourceTree = "<group>"; };
		4C771D68210665CA0055A90D /* SignUpViewController.m */ = {isa = PBXFileReference; lastKnownFileType = sourcecode.c.objc; path = SignUpViewController.m; sourceTree = "<group>"; };
		4C771D6A210695100055A90D /* Comment.h */ = {isa = PBXFileReference; lastKnownFileType = sourcecode.c.h; path = Comment.h; sourceTree = "<group>"; };
		4C771D6B210695100055A90D /* Comment.m */ = {isa = PBXFileReference; lastKnownFileType = sourcecode.c.objc; path = Comment.m; sourceTree = "<group>"; };
		4C771D6D21069E770055A90D /* ReviewViewController.h */ = {isa = PBXFileReference; lastKnownFileType = sourcecode.c.h; path = ReviewViewController.h; sourceTree = "<group>"; };
		4C771D6E21069E770055A90D /* ReviewViewController.m */ = {isa = PBXFileReference; lastKnownFileType = sourcecode.c.objc; path = ReviewViewController.m; sourceTree = "<group>"; };
		4CA36B5220FE90340056EB44 /* Venue.h */ = {isa = PBXFileReference; lastKnownFileType = sourcecode.c.h; path = Venue.h; sourceTree = "<group>"; };
		4CA36B5320FE90340056EB44 /* Venue.m */ = {isa = PBXFileReference; lastKnownFileType = sourcecode.c.objc; path = Venue.m; sourceTree = "<group>"; };
		4CA36B5920FE9F8A0056EB44 /* APIManager.h */ = {isa = PBXFileReference; lastKnownFileType = sourcecode.c.h; path = APIManager.h; sourceTree = "<group>"; };
		4CA36B5A20FE9F8A0056EB44 /* APIManager.m */ = {isa = PBXFileReference; lastKnownFileType = sourcecode.c.objc; path = APIManager.m; sourceTree = "<group>"; };
		4CA36B5C20FEB20A0056EB44 /* DetailsView.storyboard */ = {isa = PBXFileReference; lastKnownFileType = file.storyboard; path = DetailsView.storyboard; sourceTree = "<group>"; };
		4CA36B5F20FEB5540056EB44 /* DetailsViewController.h */ = {isa = PBXFileReference; lastKnownFileType = sourcecode.c.h; path = DetailsViewController.h; sourceTree = "<group>"; };
		4CA36B6020FEB5540056EB44 /* DetailsViewController.m */ = {isa = PBXFileReference; lastKnownFileType = sourcecode.c.objc; path = DetailsViewController.m; sourceTree = "<group>"; };
		4CA36B6220FFF2FD0056EB44 /* Login.storyboard */ = {isa = PBXFileReference; lastKnownFileType = file.storyboard; path = Login.storyboard; sourceTree = "<group>"; };
		4CA36B6520FFF41D0056EB44 /* LoginViewController.h */ = {isa = PBXFileReference; lastKnownFileType = sourcecode.c.h; path = LoginViewController.h; sourceTree = "<group>"; };
		4CA36B6620FFF41D0056EB44 /* LoginViewController.m */ = {isa = PBXFileReference; lastKnownFileType = sourcecode.c.objc; path = LoginViewController.m; sourceTree = "<group>"; };
		4CA36B6C21010ADE0056EB44 /* ProfileViewController.h */ = {isa = PBXFileReference; lastKnownFileType = sourcecode.c.h; path = ProfileViewController.h; sourceTree = "<group>"; };
		4CA36B6D21010ADE0056EB44 /* ProfileViewController.m */ = {isa = PBXFileReference; lastKnownFileType = sourcecode.c.objc; path = ProfileViewController.m; sourceTree = "<group>"; };
		4CA36B6F210112CD0056EB44 /* FavoriteCell.h */ = {isa = PBXFileReference; lastKnownFileType = sourcecode.c.h; path = FavoriteCell.h; sourceTree = "<group>"; };
		4CA36B70210112CD0056EB44 /* FavoriteCell.m */ = {isa = PBXFileReference; lastKnownFileType = sourcecode.c.objc; path = FavoriteCell.m; sourceTree = "<group>"; };
		4CA36B72210128F20056EB44 /* EditProfileViewController.h */ = {isa = PBXFileReference; lastKnownFileType = sourcecode.c.h; path = EditProfileViewController.h; sourceTree = "<group>"; };
		4CA36B73210128F20056EB44 /* EditProfileViewController.m */ = {isa = PBXFileReference; lastKnownFileType = sourcecode.c.objc; path = EditProfileViewController.m; sourceTree = "<group>"; };
		4CDAC17420F4424100B3E7D4 /* Locality.app */ = {isa = PBXFileReference; explicitFileType = wrapper.application; includeInIndex = 0; path = Locality.app; sourceTree = BUILT_PRODUCTS_DIR; };
		4CDAC17720F4424100B3E7D4 /* AppDelegate.h */ = {isa = PBXFileReference; lastKnownFileType = sourcecode.c.h; path = AppDelegate.h; sourceTree = "<group>"; };
		4CDAC17820F4424100B3E7D4 /* AppDelegate.m */ = {isa = PBXFileReference; lastKnownFileType = sourcecode.c.objc; path = AppDelegate.m; sourceTree = "<group>"; };
		4CDAC17A20F4424100B3E7D4 /* ViewController.h */ = {isa = PBXFileReference; lastKnownFileType = sourcecode.c.h; path = ViewController.h; sourceTree = "<group>"; };
		4CDAC17B20F4424100B3E7D4 /* ViewController.m */ = {isa = PBXFileReference; lastKnownFileType = sourcecode.c.objc; path = ViewController.m; sourceTree = "<group>"; };
		4CDAC17E20F4424100B3E7D4 /* Base */ = {isa = PBXFileReference; lastKnownFileType = file.storyboard; name = Base; path = Base.lproj/Main.storyboard; sourceTree = "<group>"; };
		4CDAC18020F4424100B3E7D4 /* Assets.xcassets */ = {isa = PBXFileReference; lastKnownFileType = folder.assetcatalog; path = Assets.xcassets; sourceTree = "<group>"; };
		4CDAC18320F4424100B3E7D4 /* Base */ = {isa = PBXFileReference; lastKnownFileType = file.storyboard; name = Base; path = Base.lproj/LaunchScreen.storyboard; sourceTree = "<group>"; };
		4CDAC18520F4424100B3E7D4 /* Info.plist */ = {isa = PBXFileReference; lastKnownFileType = text.plist.xml; path = Info.plist; sourceTree = "<group>"; };
		4CDAC18620F4424100B3E7D4 /* main.m */ = {isa = PBXFileReference; lastKnownFileType = sourcecode.c.objc; path = main.m; sourceTree = "<group>"; };
		4CDAC18C20F4424100B3E7D4 /* LocalityTests.xctest */ = {isa = PBXFileReference; explicitFileType = wrapper.cfbundle; includeInIndex = 0; path = LocalityTests.xctest; sourceTree = BUILT_PRODUCTS_DIR; };
		4CDAC19020F4424100B3E7D4 /* LocalityTests.m */ = {isa = PBXFileReference; lastKnownFileType = sourcecode.c.objc; path = LocalityTests.m; sourceTree = "<group>"; };
		4CDAC19220F4424100B3E7D4 /* Info.plist */ = {isa = PBXFileReference; lastKnownFileType = text.plist.xml; path = Info.plist; sourceTree = "<group>"; };
		4CDAC19720F4424100B3E7D4 /* LocalityUITests.xctest */ = {isa = PBXFileReference; explicitFileType = wrapper.cfbundle; includeInIndex = 0; path = LocalityUITests.xctest; sourceTree = BUILT_PRODUCTS_DIR; };
		4CDAC19B20F4424100B3E7D4 /* LocalityUITests.m */ = {isa = PBXFileReference; lastKnownFileType = sourcecode.c.objc; path = LocalityUITests.m; sourceTree = "<group>"; };
		4CDAC19D20F4424100B3E7D4 /* Info.plist */ = {isa = PBXFileReference; lastKnownFileType = text.plist.xml; path = Info.plist; sourceTree = "<group>"; };
		5F1B3E5DBABAB3F93F44C75E /* libPods-Locality.a */ = {isa = PBXFileReference; explicitFileType = archive.ar; includeInIndex = 0; path = "libPods-Locality.a"; sourceTree = BUILT_PRODUCTS_DIR; };
		7268D2AFC88C24A529B514A5 /* libPods-LocalityUITests.a */ = {isa = PBXFileReference; explicitFileType = archive.ar; includeInIndex = 0; path = "libPods-LocalityUITests.a"; sourceTree = BUILT_PRODUCTS_DIR; };
		8274814A446109AFAE12B326 /* Pods-LocalityTests.release.xcconfig */ = {isa = PBXFileReference; includeInIndex = 1; lastKnownFileType = text.xcconfig; name = "Pods-LocalityTests.release.xcconfig"; path = "Pods/Target Support Files/Pods-LocalityTests/Pods-LocalityTests.release.xcconfig"; sourceTree = "<group>"; };
		851C871A21014D0E007C32DD /* Favorite.h */ = {isa = PBXFileReference; lastKnownFileType = sourcecode.c.h; path = Favorite.h; sourceTree = "<group>"; };
		851C871B21014D0E007C32DD /* Favorite.m */ = {isa = PBXFileReference; lastKnownFileType = sourcecode.c.objc; path = Favorite.m; sourceTree = "<group>"; };
		8580000221015FA30022A126 /* User.h */ = {isa = PBXFileReference; fileEncoding = 4; lastKnownFileType = sourcecode.c.h; path = User.h; sourceTree = "<group>"; };
		8580000321015FA30022A126 /* User.m */ = {isa = PBXFileReference; fileEncoding = 4; lastKnownFileType = sourcecode.c.objc; path = User.m; sourceTree = "<group>"; };
		8597DB1520FD162500BA261A /* MapKit.framework */ = {isa = PBXFileReference; lastKnownFileType = wrapper.framework; name = MapKit.framework; path = System/Library/Frameworks/MapKit.framework; sourceTree = SDKROOT; };
		8597DB1720FD1BB400BA261A /* CoreLocation.framework */ = {isa = PBXFileReference; lastKnownFileType = wrapper.framework; name = CoreLocation.framework; path = System/Library/Frameworks/CoreLocation.framework; sourceTree = SDKROOT; };
		8597DB1E20FE7B9600BA261A /* ExploreMapViewController.h */ = {isa = PBXFileReference; fileEncoding = 4; lastKnownFileType = sourcecode.c.h; path = ExploreMapViewController.h; sourceTree = "<group>"; };
		8597DB1F20FE7BA200BA261A /* YMapView.storyboard */ = {isa = PBXFileReference; fileEncoding = 4; lastKnownFileType = file.storyboard; path = YMapView.storyboard; sourceTree = "<group>"; };
		8597DB2020FE7BA200BA261A /* ExploreMapViewController.m */ = {isa = PBXFileReference; fileEncoding = 4; lastKnownFileType = sourcecode.c.objc; path = ExploreMapViewController.m; sourceTree = "<group>"; };
		859A1A9F20FF121300E13EBC /* VenueAnnotation.h */ = {isa = PBXFileReference; lastKnownFileType = sourcecode.c.h; path = VenueAnnotation.h; sourceTree = "<group>"; };
		859A1AA020FF121300E13EBC /* VenueAnnotation.m */ = {isa = PBXFileReference; lastKnownFileType = sourcecode.c.objc; path = VenueAnnotation.m; sourceTree = "<group>"; };
		859A1AA520FF1A1800E13EBC /* VenueAnnotationView.h */ = {isa = PBXFileReference; lastKnownFileType = sourcecode.c.h; path = VenueAnnotationView.h; sourceTree = "<group>"; };
		859A1AA620FF1A1800E13EBC /* VenueAnnotationView.m */ = {isa = PBXFileReference; lastKnownFileType = sourcecode.c.objc; path = VenueAnnotationView.m; sourceTree = "<group>"; };
		85AAA040A6699A174EA32C3D /* libPods-LocalityTests.a */ = {isa = PBXFileReference; explicitFileType = archive.ar; includeInIndex = 0; path = "libPods-LocalityTests.a"; sourceTree = BUILT_PRODUCTS_DIR; };
		A80F646820FF3BB500C105D0 /* collectionview.storyboard */ = {isa = PBXFileReference; lastKnownFileType = file.storyboard; path = collectionview.storyboard; sourceTree = "<group>"; };
		A80F646A20FF3BF000C105D0 /* CollectionViewController.h */ = {isa = PBXFileReference; lastKnownFileType = sourcecode.c.h; path = CollectionViewController.h; sourceTree = "<group>"; };
		A80F646B20FF3BF000C105D0 /* CollectionViewController.m */ = {isa = PBXFileReference; lastKnownFileType = sourcecode.c.objc; path = CollectionViewController.m; sourceTree = "<group>"; };
		A814231120FFC60D00C976AE /* CollectionViewCell.h */ = {isa = PBXFileReference; lastKnownFileType = sourcecode.c.h; path = CollectionViewCell.h; sourceTree = "<group>"; };
		A814231220FFC60D00C976AE /* CollectionViewCell.m */ = {isa = PBXFileReference; lastKnownFileType = sourcecode.c.objc; path = CollectionViewCell.m; sourceTree = "<group>"; };
		A858D2DE21044E7C00637FAD /* AVFoundation.framework */ = {isa = PBXFileReference; lastKnownFileType = wrapper.framework; name = AVFoundation.framework; path = System/Library/Frameworks/AVFoundation.framework; sourceTree = SDKROOT; };
		C01F5B3A004D967BDF2A1867 /* Pods-Locality.debug.xcconfig */ = {isa = PBXFileReference; includeInIndex = 1; lastKnownFileType = text.xcconfig; name = "Pods-Locality.debug.xcconfig"; path = "Pods/Target Support Files/Pods-Locality/Pods-Locality.debug.xcconfig"; sourceTree = "<group>"; };
		CB20FD7FBFA0FE7606614E01 /* Pods-LocalityUITests.release.xcconfig */ = {isa = PBXFileReference; includeInIndex = 1; lastKnownFileType = text.xcconfig; name = "Pods-LocalityUITests.release.xcconfig"; path = "Pods/Target Support Files/Pods-LocalityUITests/Pods-LocalityUITests.release.xcconfig"; sourceTree = "<group>"; };
		EE18AC2B310AFAA5AD0597FC /* Pods-Locality.release.xcconfig */ = {isa = PBXFileReference; includeInIndex = 1; lastKnownFileType = text.xcconfig; name = "Pods-Locality.release.xcconfig"; path = "Pods/Target Support Files/Pods-Locality/Pods-Locality.release.xcconfig"; sourceTree = "<group>"; };
		FA57B3C94EC8CCC6FBE22724 /* Pods-LocalityUITests.debug.xcconfig */ = {isa = PBXFileReference; includeInIndex = 1; lastKnownFileType = text.xcconfig; name = "Pods-LocalityUITests.debug.xcconfig"; path = "Pods/Target Support Files/Pods-LocalityUITests/Pods-LocalityUITests.debug.xcconfig"; sourceTree = "<group>"; };
/* End PBXFileReference section */

/* Begin PBXFrameworksBuildPhase section */
		4CDAC17120F4424100B3E7D4 /* Frameworks */ = {
			isa = PBXFrameworksBuildPhase;
			buildActionMask = 2147483647;
			files = (
				A858D2DF21044E7C00637FAD /* AVFoundation.framework in Frameworks */,
				8597DB1820FD1BB400BA261A /* CoreLocation.framework in Frameworks */,
				8597DB1620FD162500BA261A /* MapKit.framework in Frameworks */,
				1BE7AFA3980986C9A157CCD2 /* libPods-Locality.a in Frameworks */,
			);
			runOnlyForDeploymentPostprocessing = 0;
		};
		4CDAC18920F4424100B3E7D4 /* Frameworks */ = {
			isa = PBXFrameworksBuildPhase;
			buildActionMask = 2147483647;
			files = (
				93F8CAE4531E84E7DBB01E8D /* libPods-LocalityTests.a in Frameworks */,
			);
			runOnlyForDeploymentPostprocessing = 0;
		};
		4CDAC19420F4424100B3E7D4 /* Frameworks */ = {
			isa = PBXFrameworksBuildPhase;
			buildActionMask = 2147483647;
			files = (
				2F308E1C27E4FA2C43F5F955 /* libPods-LocalityUITests.a in Frameworks */,
			);
			runOnlyForDeploymentPostprocessing = 0;
		};
/* End PBXFrameworksBuildPhase section */

/* Begin PBXGroup section */
		34F1FE65408B949F095464BE /* Frameworks */ = {
			isa = PBXGroup;
			children = (
				A858D2DE21044E7C00637FAD /* AVFoundation.framework */,
				8597DB1720FD1BB400BA261A /* CoreLocation.framework */,
				8597DB1520FD162500BA261A /* MapKit.framework */,
				5F1B3E5DBABAB3F93F44C75E /* libPods-Locality.a */,
				85AAA040A6699A174EA32C3D /* libPods-LocalityTests.a */,
				7268D2AFC88C24A529B514A5 /* libPods-LocalityUITests.a */,
			);
			name = Frameworks;
			sourceTree = "<group>";
		};
		4CA36B5120FE90180056EB44 /* Models */ = {
			isa = PBXGroup;
			children = (
				4CA36B5220FE90340056EB44 /* Venue.h */,
				4CA36B5320FE90340056EB44 /* Venue.m */,
				8580000221015FA30022A126 /* User.h */,
				8580000321015FA30022A126 /* User.m */,
				851C871A21014D0E007C32DD /* Favorite.h */,
				851C871B21014D0E007C32DD /* Favorite.m */,
				4C771D6A210695100055A90D /* Comment.h */,
				4C771D6B210695100055A90D /* Comment.m */,
			);
			path = Models;
			sourceTree = "<group>";
		};
		4CA36B5520FE9C520056EB44 /* API */ = {
			isa = PBXGroup;
			children = (
				4CA36B5920FE9F8A0056EB44 /* APIManager.h */,
				4CA36B5A20FE9F8A0056EB44 /* APIManager.m */,
			);
			path = API;
			sourceTree = "<group>";
		};
		4CA36B5E20FEB5290056EB44 /* Venue Details */ = {
			isa = PBXGroup;
			children = (
				4CA36B5F20FEB5540056EB44 /* DetailsViewController.h */,
				4CA36B6020FEB5540056EB44 /* DetailsViewController.m */,
				4C771D6D21069E770055A90D /* ReviewViewController.h */,
				4C771D6E21069E770055A90D /* ReviewViewController.m */,
			);
			path = "Venue Details";
			sourceTree = "<group>";
		};
		4CA36B6420FFF40C0056EB44 /* Login */ = {
			isa = PBXGroup;
			children = (
				4CA36B6520FFF41D0056EB44 /* LoginViewController.h */,
				4CA36B6620FFF41D0056EB44 /* LoginViewController.m */,
				4C771D67210665CA0055A90D /* SignUpViewController.h */,
				4C771D68210665CA0055A90D /* SignUpViewController.m */,
			);
			path = Login;
			sourceTree = "<group>";
		};
		4CA36B6B21010AC40056EB44 /* Profile */ = {
			isa = PBXGroup;
			children = (
				4CA36B6C21010ADE0056EB44 /* ProfileViewController.h */,
				4CA36B6D21010ADE0056EB44 /* ProfileViewController.m */,
				4CA36B6F210112CD0056EB44 /* FavoriteCell.h */,
				4CA36B70210112CD0056EB44 /* FavoriteCell.m */,
				4CA36B72210128F20056EB44 /* EditProfileViewController.h */,
				4CA36B73210128F20056EB44 /* EditProfileViewController.m */,
			);
			path = Profile;
			sourceTree = "<group>";
		};
		4CDAC16B20F4424100B3E7D4 = {
			isa = PBXGroup;
			children = (
				4CDAC17620F4424100B3E7D4 /* Locality */,
				4CDAC18F20F4424100B3E7D4 /* LocalityTests */,
				4CDAC19A20F4424100B3E7D4 /* LocalityUITests */,
				4CDAC17520F4424100B3E7D4 /* Products */,
				8C8E8A8D59518BBCC377DCAC /* Pods */,
				34F1FE65408B949F095464BE /* Frameworks */,
			);
			sourceTree = "<group>";
		};
		4CDAC17520F4424100B3E7D4 /* Products */ = {
			isa = PBXGroup;
			children = (
				4CDAC17420F4424100B3E7D4 /* Locality.app */,
				4CDAC18C20F4424100B3E7D4 /* LocalityTests.xctest */,
				4CDAC19720F4424100B3E7D4 /* LocalityUITests.xctest */,
			);
			name = Products;
			sourceTree = "<group>";
		};
		4CDAC17620F4424100B3E7D4 /* Locality */ = {
			isa = PBXGroup;
			children = (
				4CA36B6B21010AC40056EB44 /* Profile */,
				4CA36B6420FFF40C0056EB44 /* Login */,
				4CA36B5E20FEB5290056EB44 /* Venue Details */,
				4CA36B5520FE9C520056EB44 /* API */,
				4CA36B5120FE90180056EB44 /* Models */,
				8597DAD620FD0DD500BA261A /* ExploreMapScreen */,
				8597DACC20FCF68300BA261A /* Storyboards */,
				4CDAC17720F4424100B3E7D4 /* AppDelegate.h */,
				4CDAC17820F4424100B3E7D4 /* AppDelegate.m */,
				4CDAC17A20F4424100B3E7D4 /* ViewController.h */,
				4CDAC17B20F4424100B3E7D4 /* ViewController.m */,
				4CDAC17D20F4424100B3E7D4 /* Main.storyboard */,
				4CDAC18020F4424100B3E7D4 /* Assets.xcassets */,
				4CDAC18220F4424100B3E7D4 /* LaunchScreen.storyboard */,
				4CDAC18520F4424100B3E7D4 /* Info.plist */,
				4CDAC18620F4424100B3E7D4 /* main.m */,
				A80F646820FF3BB500C105D0 /* collectionview.storyboard */,
				A80F646A20FF3BF000C105D0 /* CollectionViewController.h */,
				A80F646B20FF3BF000C105D0 /* CollectionViewController.m */,
				A814231120FFC60D00C976AE /* CollectionViewCell.h */,
				A814231220FFC60D00C976AE /* CollectionViewCell.m */,
			);
			path = Locality;
			sourceTree = "<group>";
		};
		4CDAC18F20F4424100B3E7D4 /* LocalityTests */ = {
			isa = PBXGroup;
			children = (
				4CDAC19020F4424100B3E7D4 /* LocalityTests.m */,
				4CDAC19220F4424100B3E7D4 /* Info.plist */,
			);
			path = LocalityTests;
			sourceTree = "<group>";
		};
		4CDAC19A20F4424100B3E7D4 /* LocalityUITests */ = {
			isa = PBXGroup;
			children = (
				4CDAC19B20F4424100B3E7D4 /* LocalityUITests.m */,
				4CDAC19D20F4424100B3E7D4 /* Info.plist */,
			);
			path = LocalityUITests;
			sourceTree = "<group>";
		};
		8597DACC20FCF68300BA261A /* Storyboards */ = {
			isa = PBXGroup;
			children = (
				4CA36B5C20FEB20A0056EB44 /* DetailsView.storyboard */,
				4CA36B6220FFF2FD0056EB44 /* Login.storyboard */,
				8597DB1F20FE7BA200BA261A /* YMapView.storyboard */,
			);
			path = Storyboards;
			sourceTree = "<group>";
		};
		8597DAD620FD0DD500BA261A /* ExploreMapScreen */ = {
			isa = PBXGroup;
			children = (
				859A1AA520FF1A1800E13EBC /* VenueAnnotationView.h */,
				859A1AA620FF1A1800E13EBC /* VenueAnnotationView.m */,
				8597DB2020FE7BA200BA261A /* ExploreMapViewController.m */,
				8597DB1E20FE7B9600BA261A /* ExploreMapViewController.h */,
				859A1A9F20FF121300E13EBC /* VenueAnnotation.h */,
				859A1AA020FF121300E13EBC /* VenueAnnotation.m */,
			);
			path = ExploreMapScreen;
			sourceTree = "<group>";
		};
		8C8E8A8D59518BBCC377DCAC /* Pods */ = {
			isa = PBXGroup;
			children = (
				C01F5B3A004D967BDF2A1867 /* Pods-Locality.debug.xcconfig */,
				EE18AC2B310AFAA5AD0597FC /* Pods-Locality.release.xcconfig */,
				0D954F9A18A334D6109C8DA1 /* Pods-LocalityTests.debug.xcconfig */,
				8274814A446109AFAE12B326 /* Pods-LocalityTests.release.xcconfig */,
				FA57B3C94EC8CCC6FBE22724 /* Pods-LocalityUITests.debug.xcconfig */,
				CB20FD7FBFA0FE7606614E01 /* Pods-LocalityUITests.release.xcconfig */,
			);
			name = Pods;
			sourceTree = "<group>";
		};
/* End PBXGroup section */

/* Begin PBXNativeTarget section */
		4CDAC17320F4424100B3E7D4 /* Locality */ = {
			isa = PBXNativeTarget;
			buildConfigurationList = 4CDAC1A020F4424100B3E7D4 /* Build configuration list for PBXNativeTarget "Locality" */;
			buildPhases = (
				FEBE0826960324AA353546BC /* [CP] Check Pods Manifest.lock */,
				4CDAC17020F4424100B3E7D4 /* Sources */,
				4CDAC17120F4424100B3E7D4 /* Frameworks */,
				4CDAC17220F4424100B3E7D4 /* Resources */,
				B8ECAFEC7DF0EE5E1280CBB1 /* [CP] Copy Pods Resources */,
			);
			buildRules = (
			);
			dependencies = (
			);
			name = Locality;
			productName = Locality;
			productReference = 4CDAC17420F4424100B3E7D4 /* Locality.app */;
			productType = "com.apple.product-type.application";
		};
		4CDAC18B20F4424100B3E7D4 /* LocalityTests */ = {
			isa = PBXNativeTarget;
			buildConfigurationList = 4CDAC1A320F4424100B3E7D4 /* Build configuration list for PBXNativeTarget "LocalityTests" */;
			buildPhases = (
				521F08B089B9ACA11F57AEF8 /* [CP] Check Pods Manifest.lock */,
				4CDAC18820F4424100B3E7D4 /* Sources */,
				4CDAC18920F4424100B3E7D4 /* Frameworks */,
				4CDAC18A20F4424100B3E7D4 /* Resources */,
			);
			buildRules = (
			);
			dependencies = (
				4CDAC18E20F4424100B3E7D4 /* PBXTargetDependency */,
			);
			name = LocalityTests;
			productName = LocalityTests;
			productReference = 4CDAC18C20F4424100B3E7D4 /* LocalityTests.xctest */;
			productType = "com.apple.product-type.bundle.unit-test";
		};
		4CDAC19620F4424100B3E7D4 /* LocalityUITests */ = {
			isa = PBXNativeTarget;
			buildConfigurationList = 4CDAC1A620F4424100B3E7D4 /* Build configuration list for PBXNativeTarget "LocalityUITests" */;
			buildPhases = (
				CA3A329067A4B8000ED09801 /* [CP] Check Pods Manifest.lock */,
				4CDAC19320F4424100B3E7D4 /* Sources */,
				4CDAC19420F4424100B3E7D4 /* Frameworks */,
				4CDAC19520F4424100B3E7D4 /* Resources */,
			);
			buildRules = (
			);
			dependencies = (
				4CDAC19920F4424100B3E7D4 /* PBXTargetDependency */,
			);
			name = LocalityUITests;
			productName = LocalityUITests;
			productReference = 4CDAC19720F4424100B3E7D4 /* LocalityUITests.xctest */;
			productType = "com.apple.product-type.bundle.ui-testing";
		};
/* End PBXNativeTarget section */

/* Begin PBXProject section */
		4CDAC16C20F4424100B3E7D4 /* Project object */ = {
			isa = PBXProject;
			attributes = {
				LastUpgradeCheck = 0940;
				ORGANIZATIONNAME = "Ginger Dudley";
				TargetAttributes = {
					4CDAC17320F4424100B3E7D4 = {
						CreatedOnToolsVersion = 9.4.1;
					};
					4CDAC18B20F4424100B3E7D4 = {
						CreatedOnToolsVersion = 9.4.1;
						TestTargetID = 4CDAC17320F4424100B3E7D4;
					};
					4CDAC19620F4424100B3E7D4 = {
						CreatedOnToolsVersion = 9.4.1;
						TestTargetID = 4CDAC17320F4424100B3E7D4;
					};
				};
			};
			buildConfigurationList = 4CDAC16F20F4424100B3E7D4 /* Build configuration list for PBXProject "Locality" */;
			compatibilityVersion = "Xcode 9.3";
			developmentRegion = en;
			hasScannedForEncodings = 0;
			knownRegions = (
				en,
				Base,
			);
			mainGroup = 4CDAC16B20F4424100B3E7D4;
			productRefGroup = 4CDAC17520F4424100B3E7D4 /* Products */;
			projectDirPath = "";
			projectRoot = "";
			targets = (
				4CDAC17320F4424100B3E7D4 /* Locality */,
				4CDAC18B20F4424100B3E7D4 /* LocalityTests */,
				4CDAC19620F4424100B3E7D4 /* LocalityUITests */,
			);
		};
/* End PBXProject section */

/* Begin PBXResourcesBuildPhase section */
		4CDAC17220F4424100B3E7D4 /* Resources */ = {
			isa = PBXResourcesBuildPhase;
			buildActionMask = 2147483647;
			files = (
				4CA36B6320FFF2FD0056EB44 /* Login.storyboard in Resources */,
				8597DB2120FE7BA200BA261A /* YMapView.storyboard in Resources */,
				A80F646920FF3BB500C105D0 /* collectionview.storyboard in Resources */,
				4CDAC18420F4424100B3E7D4 /* LaunchScreen.storyboard in Resources */,
				4CDAC18120F4424100B3E7D4 /* Assets.xcassets in Resources */,
				4CDAC17F20F4424100B3E7D4 /* Main.storyboard in Resources */,
				4CA36B5D20FEB20A0056EB44 /* DetailsView.storyboard in Resources */,
			);
			runOnlyForDeploymentPostprocessing = 0;
		};
		4CDAC18A20F4424100B3E7D4 /* Resources */ = {
			isa = PBXResourcesBuildPhase;
			buildActionMask = 2147483647;
			files = (
			);
			runOnlyForDeploymentPostprocessing = 0;
		};
		4CDAC19520F4424100B3E7D4 /* Resources */ = {
			isa = PBXResourcesBuildPhase;
			buildActionMask = 2147483647;
			files = (
			);
			runOnlyForDeploymentPostprocessing = 0;
		};
/* End PBXResourcesBuildPhase section */

/* Begin PBXShellScriptBuildPhase section */
		521F08B089B9ACA11F57AEF8 /* [CP] Check Pods Manifest.lock */ = {
			isa = PBXShellScriptBuildPhase;
			buildActionMask = 2147483647;
			files = (
			);
			inputPaths = (
				"${PODS_PODFILE_DIR_PATH}/Podfile.lock",
				"${PODS_ROOT}/Manifest.lock",
			);
			name = "[CP] Check Pods Manifest.lock";
			outputPaths = (
				"$(DERIVED_FILE_DIR)/Pods-LocalityTests-checkManifestLockResult.txt",
			);
			runOnlyForDeploymentPostprocessing = 0;
			shellPath = /bin/sh;
			shellScript = "diff \"${PODS_PODFILE_DIR_PATH}/Podfile.lock\" \"${PODS_ROOT}/Manifest.lock\" > /dev/null\nif [ $? != 0 ] ; then\n    # print error to STDERR\n    echo \"error: The sandbox is not in sync with the Podfile.lock. Run 'pod install' or update your CocoaPods installation.\" >&2\n    exit 1\nfi\n# This output is used by Xcode 'outputs' to avoid re-running this script phase.\necho \"SUCCESS\" > \"${SCRIPT_OUTPUT_FILE_0}\"\n";
			showEnvVarsInLog = 0;
		};
		B8ECAFEC7DF0EE5E1280CBB1 /* [CP] Copy Pods Resources */ = {
			isa = PBXShellScriptBuildPhase;
			buildActionMask = 2147483647;
			files = (
			);
			inputPaths = (
				"${SRCROOT}/Pods/Target Support Files/Pods-Locality/Pods-Locality-resources.sh",
				"${PODS_ROOT}/FBSDKCoreKit/FacebookSDKStrings.bundle",
				"${PODS_CONFIGURATION_BUILD_DIR}/Parse/Parse.bundle",
				"${PODS_ROOT}/ParseUI/ParseUI/Resources/Localization/en.lproj",
				"${PODS_ROOT}/ParseUI/ParseUI/Resources/Localization/fr.lproj",
				"${PODS_ROOT}/ParseUI/ParseUI/Resources/Localization/pt-BR.lproj",
				"${PODS_ROOT}/objectiveflickr/BridgeSupport",
			);
			name = "[CP] Copy Pods Resources";
			outputPaths = (
				"${TARGET_BUILD_DIR}/${UNLOCALIZED_RESOURCES_FOLDER_PATH}/FacebookSDKStrings.bundle",
				"${TARGET_BUILD_DIR}/${UNLOCALIZED_RESOURCES_FOLDER_PATH}/Parse.bundle",
				"${TARGET_BUILD_DIR}/${UNLOCALIZED_RESOURCES_FOLDER_PATH}/en.lproj",
				"${TARGET_BUILD_DIR}/${UNLOCALIZED_RESOURCES_FOLDER_PATH}/fr.lproj",
				"${TARGET_BUILD_DIR}/${UNLOCALIZED_RESOURCES_FOLDER_PATH}/pt-BR.lproj",
				"${TARGET_BUILD_DIR}/${UNLOCALIZED_RESOURCES_FOLDER_PATH}/BridgeSupport",
			);
			runOnlyForDeploymentPostprocessing = 0;
			shellPath = /bin/sh;
			shellScript = "\"${SRCROOT}/Pods/Target Support Files/Pods-Locality/Pods-Locality-resources.sh\"\n";
			showEnvVarsInLog = 0;
		};
		CA3A329067A4B8000ED09801 /* [CP] Check Pods Manifest.lock */ = {
			isa = PBXShellScriptBuildPhase;
			buildActionMask = 2147483647;
			files = (
			);
			inputPaths = (
				"${PODS_PODFILE_DIR_PATH}/Podfile.lock",
				"${PODS_ROOT}/Manifest.lock",
			);
			name = "[CP] Check Pods Manifest.lock";
			outputPaths = (
				"$(DERIVED_FILE_DIR)/Pods-LocalityUITests-checkManifestLockResult.txt",
			);
			runOnlyForDeploymentPostprocessing = 0;
			shellPath = /bin/sh;
			shellScript = "diff \"${PODS_PODFILE_DIR_PATH}/Podfile.lock\" \"${PODS_ROOT}/Manifest.lock\" > /dev/null\nif [ $? != 0 ] ; then\n    # print error to STDERR\n    echo \"error: The sandbox is not in sync with the Podfile.lock. Run 'pod install' or update your CocoaPods installation.\" >&2\n    exit 1\nfi\n# This output is used by Xcode 'outputs' to avoid re-running this script phase.\necho \"SUCCESS\" > \"${SCRIPT_OUTPUT_FILE_0}\"\n";
			showEnvVarsInLog = 0;
		};
		FEBE0826960324AA353546BC /* [CP] Check Pods Manifest.lock */ = {
			isa = PBXShellScriptBuildPhase;
			buildActionMask = 2147483647;
			files = (
			);
			inputPaths = (
				"${PODS_PODFILE_DIR_PATH}/Podfile.lock",
				"${PODS_ROOT}/Manifest.lock",
			);
			name = "[CP] Check Pods Manifest.lock";
			outputPaths = (
				"$(DERIVED_FILE_DIR)/Pods-Locality-checkManifestLockResult.txt",
			);
			runOnlyForDeploymentPostprocessing = 0;
			shellPath = /bin/sh;
			shellScript = "diff \"${PODS_PODFILE_DIR_PATH}/Podfile.lock\" \"${PODS_ROOT}/Manifest.lock\" > /dev/null\nif [ $? != 0 ] ; then\n    # print error to STDERR\n    echo \"error: The sandbox is not in sync with the Podfile.lock. Run 'pod install' or update your CocoaPods installation.\" >&2\n    exit 1\nfi\n# This output is used by Xcode 'outputs' to avoid re-running this script phase.\necho \"SUCCESS\" > \"${SCRIPT_OUTPUT_FILE_0}\"\n";
			showEnvVarsInLog = 0;
		};
/* End PBXShellScriptBuildPhase section */

/* Begin PBXSourcesBuildPhase section */
		4CDAC17020F4424100B3E7D4 /* Sources */ = {
			isa = PBXSourcesBuildPhase;
			buildActionMask = 2147483647;
			files = (
				4CA36B71210112CD0056EB44 /* FavoriteCell.m in Sources */,
				4CDAC17C20F4424100B3E7D4 /* ViewController.m in Sources */,
				A80F646C20FF3BF000C105D0 /* CollectionViewController.m in Sources */,
				4CA36B6E21010ADE0056EB44 /* ProfileViewController.m in Sources */,
				4CA36B6720FFF41D0056EB44 /* LoginViewController.m in Sources */,
				859A1AA720FF1A1800E13EBC /* VenueAnnotationView.m in Sources */,
				8597DB2220FE7BA200BA261A /* ExploreMapViewController.m in Sources */,
				859A1AA120FF121300E13EBC /* VenueAnnotation.m in Sources */,
				4C771D69210665CA0055A90D /* SignUpViewController.m in Sources */,
				4CDAC18720F4424100B3E7D4 /* main.m in Sources */,
				4C771D6F21069E770055A90D /* ReviewViewController.m in Sources */,
				4CA36B5420FE90340056EB44 /* Venue.m in Sources */,
				4CA36B5B20FE9F8A0056EB44 /* APIManager.m in Sources */,
				4CDAC17920F4424100B3E7D4 /* AppDelegate.m in Sources */,
				4CA36B74210128F20056EB44 /* EditProfileViewController.m in Sources */,
				4CA36B6120FEB5540056EB44 /* DetailsViewController.m in Sources */,
				8580000421015FA30022A126 /* User.m in Sources */,
				851C871C21014D0E007C32DD /* Favorite.m in Sources */,
				A814231320FFC60D00C976AE /* CollectionViewCell.m in Sources */,
				4C771D6C210695100055A90D /* Comment.m in Sources */,
			);
			runOnlyForDeploymentPostprocessing = 0;
		};
		4CDAC18820F4424100B3E7D4 /* Sources */ = {
			isa = PBXSourcesBuildPhase;
			buildActionMask = 2147483647;
			files = (
				4CDAC19120F4424100B3E7D4 /* LocalityTests.m in Sources */,
			);
			runOnlyForDeploymentPostprocessing = 0;
		};
		4CDAC19320F4424100B3E7D4 /* Sources */ = {
			isa = PBXSourcesBuildPhase;
			buildActionMask = 2147483647;
			files = (
				4CDAC19C20F4424100B3E7D4 /* LocalityUITests.m in Sources */,
			);
			runOnlyForDeploymentPostprocessing = 0;
		};
/* End PBXSourcesBuildPhase section */

/* Begin PBXTargetDependency section */
		4CDAC18E20F4424100B3E7D4 /* PBXTargetDependency */ = {
			isa = PBXTargetDependency;
			target = 4CDAC17320F4424100B3E7D4 /* Locality */;
			targetProxy = 4CDAC18D20F4424100B3E7D4 /* PBXContainerItemProxy */;
		};
		4CDAC19920F4424100B3E7D4 /* PBXTargetDependency */ = {
			isa = PBXTargetDependency;
			target = 4CDAC17320F4424100B3E7D4 /* Locality */;
			targetProxy = 4CDAC19820F4424100B3E7D4 /* PBXContainerItemProxy */;
		};
/* End PBXTargetDependency section */

/* Begin PBXVariantGroup section */
		4CDAC17D20F4424100B3E7D4 /* Main.storyboard */ = {
			isa = PBXVariantGroup;
			children = (
				4CDAC17E20F4424100B3E7D4 /* Base */,
			);
			name = Main.storyboard;
			sourceTree = "<group>";
		};
		4CDAC18220F4424100B3E7D4 /* LaunchScreen.storyboard */ = {
			isa = PBXVariantGroup;
			children = (
				4CDAC18320F4424100B3E7D4 /* Base */,
			);
			name = LaunchScreen.storyboard;
			sourceTree = "<group>";
		};
/* End PBXVariantGroup section */

/* Begin XCBuildConfiguration section */
		4CDAC19E20F4424100B3E7D4 /* Debug */ = {
			isa = XCBuildConfiguration;
			buildSettings = {
				ALWAYS_SEARCH_USER_PATHS = NO;
				CLANG_ANALYZER_NONNULL = YES;
				CLANG_ANALYZER_NUMBER_OBJECT_CONVERSION = YES_AGGRESSIVE;
				CLANG_CXX_LANGUAGE_STANDARD = "gnu++14";
				CLANG_CXX_LIBRARY = "libc++";
				CLANG_ENABLE_MODULES = YES;
				CLANG_ENABLE_OBJC_ARC = YES;
				CLANG_ENABLE_OBJC_WEAK = YES;
				CLANG_WARN_BLOCK_CAPTURE_AUTORELEASING = YES;
				CLANG_WARN_BOOL_CONVERSION = YES;
				CLANG_WARN_COMMA = YES;
				CLANG_WARN_CONSTANT_CONVERSION = YES;
				CLANG_WARN_DEPRECATED_OBJC_IMPLEMENTATIONS = YES;
				CLANG_WARN_DIRECT_OBJC_ISA_USAGE = YES_ERROR;
				CLANG_WARN_DOCUMENTATION_COMMENTS = YES;
				CLANG_WARN_EMPTY_BODY = YES;
				CLANG_WARN_ENUM_CONVERSION = YES;
				CLANG_WARN_INFINITE_RECURSION = YES;
				CLANG_WARN_INT_CONVERSION = YES;
				CLANG_WARN_NON_LITERAL_NULL_CONVERSION = YES;
				CLANG_WARN_OBJC_IMPLICIT_RETAIN_SELF = YES;
				CLANG_WARN_OBJC_LITERAL_CONVERSION = YES;
				CLANG_WARN_OBJC_ROOT_CLASS = YES_ERROR;
				CLANG_WARN_RANGE_LOOP_ANALYSIS = YES;
				CLANG_WARN_STRICT_PROTOTYPES = YES;
				CLANG_WARN_SUSPICIOUS_MOVE = YES;
				CLANG_WARN_UNGUARDED_AVAILABILITY = YES_AGGRESSIVE;
				CLANG_WARN_UNREACHABLE_CODE = YES;
				CLANG_WARN__DUPLICATE_METHOD_MATCH = YES;
				CODE_SIGN_IDENTITY = "iPhone Developer";
				COPY_PHASE_STRIP = NO;
				DEBUG_INFORMATION_FORMAT = dwarf;
				ENABLE_STRICT_OBJC_MSGSEND = YES;
				ENABLE_TESTABILITY = YES;
				GCC_C_LANGUAGE_STANDARD = gnu11;
				GCC_DYNAMIC_NO_PIC = NO;
				GCC_NO_COMMON_BLOCKS = YES;
				GCC_OPTIMIZATION_LEVEL = 0;
				GCC_PREPROCESSOR_DEFINITIONS = (
					"DEBUG=1",
					"$(inherited)",
				);
				GCC_WARN_64_TO_32_BIT_CONVERSION = YES;
				GCC_WARN_ABOUT_RETURN_TYPE = YES_ERROR;
				GCC_WARN_UNDECLARED_SELECTOR = YES;
				GCC_WARN_UNINITIALIZED_AUTOS = YES_AGGRESSIVE;
				GCC_WARN_UNUSED_FUNCTION = YES;
				GCC_WARN_UNUSED_VARIABLE = YES;
				IPHONEOS_DEPLOYMENT_TARGET = 11.4;
				MTL_ENABLE_DEBUG_INFO = YES;
				ONLY_ACTIVE_ARCH = YES;
				SDKROOT = iphoneos;
			};
			name = Debug;
		};
		4CDAC19F20F4424100B3E7D4 /* Release */ = {
			isa = XCBuildConfiguration;
			buildSettings = {
				ALWAYS_SEARCH_USER_PATHS = NO;
				CLANG_ANALYZER_NONNULL = YES;
				CLANG_ANALYZER_NUMBER_OBJECT_CONVERSION = YES_AGGRESSIVE;
				CLANG_CXX_LANGUAGE_STANDARD = "gnu++14";
				CLANG_CXX_LIBRARY = "libc++";
				CLANG_ENABLE_MODULES = YES;
				CLANG_ENABLE_OBJC_ARC = YES;
				CLANG_ENABLE_OBJC_WEAK = YES;
				CLANG_WARN_BLOCK_CAPTURE_AUTORELEASING = YES;
				CLANG_WARN_BOOL_CONVERSION = YES;
				CLANG_WARN_COMMA = YES;
				CLANG_WARN_CONSTANT_CONVERSION = YES;
				CLANG_WARN_DEPRECATED_OBJC_IMPLEMENTATIONS = YES;
				CLANG_WARN_DIRECT_OBJC_ISA_USAGE = YES_ERROR;
				CLANG_WARN_DOCUMENTATION_COMMENTS = YES;
				CLANG_WARN_EMPTY_BODY = YES;
				CLANG_WARN_ENUM_CONVERSION = YES;
				CLANG_WARN_INFINITE_RECURSION = YES;
				CLANG_WARN_INT_CONVERSION = YES;
				CLANG_WARN_NON_LITERAL_NULL_CONVERSION = YES;
				CLANG_WARN_OBJC_IMPLICIT_RETAIN_SELF = YES;
				CLANG_WARN_OBJC_LITERAL_CONVERSION = YES;
				CLANG_WARN_OBJC_ROOT_CLASS = YES_ERROR;
				CLANG_WARN_RANGE_LOOP_ANALYSIS = YES;
				CLANG_WARN_STRICT_PROTOTYPES = YES;
				CLANG_WARN_SUSPICIOUS_MOVE = YES;
				CLANG_WARN_UNGUARDED_AVAILABILITY = YES_AGGRESSIVE;
				CLANG_WARN_UNREACHABLE_CODE = YES;
				CLANG_WARN__DUPLICATE_METHOD_MATCH = YES;
				CODE_SIGN_IDENTITY = "iPhone Developer";
				COPY_PHASE_STRIP = NO;
				DEBUG_INFORMATION_FORMAT = "dwarf-with-dsym";
				ENABLE_NS_ASSERTIONS = NO;
				ENABLE_STRICT_OBJC_MSGSEND = YES;
				GCC_C_LANGUAGE_STANDARD = gnu11;
				GCC_NO_COMMON_BLOCKS = YES;
				GCC_WARN_64_TO_32_BIT_CONVERSION = YES;
				GCC_WARN_ABOUT_RETURN_TYPE = YES_ERROR;
				GCC_WARN_UNDECLARED_SELECTOR = YES;
				GCC_WARN_UNINITIALIZED_AUTOS = YES_AGGRESSIVE;
				GCC_WARN_UNUSED_FUNCTION = YES;
				GCC_WARN_UNUSED_VARIABLE = YES;
				IPHONEOS_DEPLOYMENT_TARGET = 11.4;
				MTL_ENABLE_DEBUG_INFO = NO;
				SDKROOT = iphoneos;
				VALIDATE_PRODUCT = YES;
			};
			name = Release;
		};
		4CDAC1A120F4424100B3E7D4 /* Debug */ = {
			isa = XCBuildConfiguration;
			baseConfigurationReference = C01F5B3A004D967BDF2A1867 /* Pods-Locality.debug.xcconfig */;
			buildSettings = {
				ASSETCATALOG_COMPILER_APPICON_NAME = AppIcon;
				CODE_SIGN_STYLE = Automatic;
				DEVELOPMENT_TEAM = 792ZYH48AN;
				INFOPLIST_FILE = Locality/Info.plist;
				LD_RUNPATH_SEARCH_PATHS = (
					"$(inherited)",
					"@executable_path/Frameworks",
				);
				PRODUCT_BUNDLE_IDENTIFIER = com.teamGYZR.locality;
				PRODUCT_NAME = "$(TARGET_NAME)";
				TARGETED_DEVICE_FAMILY = "1,2";
			};
			name = Debug;
		};
		4CDAC1A220F4424100B3E7D4 /* Release */ = {
			isa = XCBuildConfiguration;
			baseConfigurationReference = EE18AC2B310AFAA5AD0597FC /* Pods-Locality.release.xcconfig */;
			buildSettings = {
				ASSETCATALOG_COMPILER_APPICON_NAME = AppIcon;
				CODE_SIGN_STYLE = Automatic;
				DEVELOPMENT_TEAM = 792ZYH48AN;
				INFOPLIST_FILE = Locality/Info.plist;
				LD_RUNPATH_SEARCH_PATHS = (
					"$(inherited)",
					"@executable_path/Frameworks",
				);
				PRODUCT_BUNDLE_IDENTIFIER = com.teamGYZR.locality;
				PRODUCT_NAME = "$(TARGET_NAME)";
				TARGETED_DEVICE_FAMILY = "1,2";
			};
			name = Release;
		};
		4CDAC1A420F4424100B3E7D4 /* Debug */ = {
			isa = XCBuildConfiguration;
			baseConfigurationReference = 0D954F9A18A334D6109C8DA1 /* Pods-LocalityTests.debug.xcconfig */;
			buildSettings = {
				BUNDLE_LOADER = "$(TEST_HOST)";
				CODE_SIGN_STYLE = Automatic;
				DEVELOPMENT_TEAM = JQJ55SDWUK;
				INFOPLIST_FILE = LocalityTests/Info.plist;
				LD_RUNPATH_SEARCH_PATHS = (
					"$(inherited)",
					"@executable_path/Frameworks",
					"@loader_path/Frameworks",
				);
				PRODUCT_BUNDLE_IDENTIFIER = com.gingerdudley13.LocalityTests;
				PRODUCT_NAME = "$(TARGET_NAME)";
				TARGETED_DEVICE_FAMILY = "1,2";
				TEST_HOST = "$(BUILT_PRODUCTS_DIR)/Locality.app/Locality";
			};
			name = Debug;
		};
		4CDAC1A520F4424100B3E7D4 /* Release */ = {
			isa = XCBuildConfiguration;
			baseConfigurationReference = 8274814A446109AFAE12B326 /* Pods-LocalityTests.release.xcconfig */;
			buildSettings = {
				BUNDLE_LOADER = "$(TEST_HOST)";
				CODE_SIGN_STYLE = Automatic;
				DEVELOPMENT_TEAM = JQJ55SDWUK;
				INFOPLIST_FILE = LocalityTests/Info.plist;
				LD_RUNPATH_SEARCH_PATHS = (
					"$(inherited)",
					"@executable_path/Frameworks",
					"@loader_path/Frameworks",
				);
				PRODUCT_BUNDLE_IDENTIFIER = com.gingerdudley13.LocalityTests;
				PRODUCT_NAME = "$(TARGET_NAME)";
				TARGETED_DEVICE_FAMILY = "1,2";
				TEST_HOST = "$(BUILT_PRODUCTS_DIR)/Locality.app/Locality";
			};
			name = Release;
		};
		4CDAC1A720F4424100B3E7D4 /* Debug */ = {
			isa = XCBuildConfiguration;
			baseConfigurationReference = FA57B3C94EC8CCC6FBE22724 /* Pods-LocalityUITests.debug.xcconfig */;
			buildSettings = {
				CODE_SIGN_STYLE = Automatic;
				DEVELOPMENT_TEAM = JQJ55SDWUK;
				INFOPLIST_FILE = LocalityUITests/Info.plist;
				LD_RUNPATH_SEARCH_PATHS = (
					"$(inherited)",
					"@executable_path/Frameworks",
					"@loader_path/Frameworks",
				);
				PRODUCT_BUNDLE_IDENTIFIER = com.gingerdudley13.LocalityUITests;
				PRODUCT_NAME = "$(TARGET_NAME)";
				TARGETED_DEVICE_FAMILY = "1,2";
				TEST_TARGET_NAME = Locality;
			};
			name = Debug;
		};
		4CDAC1A820F4424100B3E7D4 /* Release */ = {
			isa = XCBuildConfiguration;
			baseConfigurationReference = CB20FD7FBFA0FE7606614E01 /* Pods-LocalityUITests.release.xcconfig */;
			buildSettings = {
				CODE_SIGN_STYLE = Automatic;
				DEVELOPMENT_TEAM = JQJ55SDWUK;
				INFOPLIST_FILE = LocalityUITests/Info.plist;
				LD_RUNPATH_SEARCH_PATHS = (
					"$(inherited)",
					"@executable_path/Frameworks",
					"@loader_path/Frameworks",
				);
				PRODUCT_BUNDLE_IDENTIFIER = com.gingerdudley13.LocalityUITests;
				PRODUCT_NAME = "$(TARGET_NAME)";
				TARGETED_DEVICE_FAMILY = "1,2";
				TEST_TARGET_NAME = Locality;
			};
			name = Release;
		};
/* End XCBuildConfiguration section */

/* Begin XCConfigurationList section */
		4CDAC16F20F4424100B3E7D4 /* Build configuration list for PBXProject "Locality" */ = {
			isa = XCConfigurationList;
			buildConfigurations = (
				4CDAC19E20F4424100B3E7D4 /* Debug */,
				4CDAC19F20F4424100B3E7D4 /* Release */,
			);
			defaultConfigurationIsVisible = 0;
			defaultConfigurationName = Release;
		};
		4CDAC1A020F4424100B3E7D4 /* Build configuration list for PBXNativeTarget "Locality" */ = {
			isa = XCConfigurationList;
			buildConfigurations = (
				4CDAC1A120F4424100B3E7D4 /* Debug */,
				4CDAC1A220F4424100B3E7D4 /* Release */,
			);
			defaultConfigurationIsVisible = 0;
			defaultConfigurationName = Release;
		};
		4CDAC1A320F4424100B3E7D4 /* Build configuration list for PBXNativeTarget "LocalityTests" */ = {
			isa = XCConfigurationList;
			buildConfigurations = (
				4CDAC1A420F4424100B3E7D4 /* Debug */,
				4CDAC1A520F4424100B3E7D4 /* Release */,
			);
			defaultConfigurationIsVisible = 0;
			defaultConfigurationName = Release;
		};
		4CDAC1A620F4424100B3E7D4 /* Build configuration list for PBXNativeTarget "LocalityUITests" */ = {
			isa = XCConfigurationList;
			buildConfigurations = (
				4CDAC1A720F4424100B3E7D4 /* Debug */,
				4CDAC1A820F4424100B3E7D4 /* Release */,
			);
			defaultConfigurationIsVisible = 0;
			defaultConfigurationName = Release;
		};
/* End XCConfigurationList section */
	};
	rootObject = 4CDAC16C20F4424100B3E7D4 /* Project object */;
}
